
Microsoft Visual Studio Solution File, Format Version 12.00
# Visual Studio Version 17
VisualStudioVersion = 17.4.33122.133
MinimumVisualStudioVersion = 10.0.40219.1
Project("{FAE04EC0-301F-11D3-BF4B-00C04F79EFBC}") = "StarSecurityService", "StarSecurityService\StarSecurityService.csproj", "{B087B66A-8E26-4197-B480-3D7467B200B0}"
EndProject
Global
	GlobalSection(SolutionConfigurationPlatforms) = preSolution
		Debug|Any CPU = Debug|Any CPU
		Release|Any CPU = Release|Any CPU
	EndGlobalSection
	GlobalSection(ProjectConfigurationPlatforms) = postSolution
		{B087B66A-8E26-4197-B480-3D7467B200B0}.Debug|Any CPU.ActiveCfg = Debug|Any CPU
		{B087B66A-8E26-4197-B480-3D7467B200B0}.Debug|Any CPU.Build.0 = Debug|Any CPU
		{B087B66A-8E26-4197-B480-3D7467B200B0}.Release|Any CPU.ActiveCfg = Release|Any CPU
		{B087B66A-8E26-4197-B480-3D7467B200B0}.Release|Any CPU.Build.0 = Release|Any CPU
	EndGlobalSection
	GlobalSection(SolutionProperties) = preSolution
		HideSolutionNode = FALSE
	EndGlobalSection
	GlobalSection(ExtensibilityGlobals) = postSolution
		SolutionGuid = {810BD98E-EB3F-490D-AD97-21A614E91B8D}
	EndGlobalSection
EndGlobal
